
Microsoft Visual Studio Solution File, Format Version 12.00
# Visual Studio Version 17
VisualStudioVersion = 17.8.34525.116
MinimumVisualStudioVersion = 10.0.40219.1
Project("{FAE04EC0-301F-11D3-BF4B-00C04F79EFBC}") = "Yedekleme", "Yedekleme\Yedekleme.csproj", "{BBAED3A3-13F8-4854-8603-A68D3E64EF5B}"
EndProject
Global
	GlobalSection(SolutionConfigurationPlatforms) = preSolution
		Debug|Any CPU = Debug|Any CPU
		Release|Any CPU = Release|Any CPU
	EndGlobalSection
	GlobalSection(ProjectConfigurationPlatforms) = postSolution
		{BBAED3A3-13F8-4854-8603-A68D3E64EF5B}.Debug|Any CPU.ActiveCfg = Debug|Any CPU
		{BBAED3A3-13F8-4854-8603-A68D3E64EF5B}.Debug|Any CPU.Build.0 = Debug|Any CPU
		{BBAED3A3-13F8-4854-8603-A68D3E64EF5B}.Release|Any CPU.ActiveCfg = Release|Any CPU
		{BBAED3A3-13F8-4854-8603-A68D3E64EF5B}.Release|Any CPU.Build.0 = Release|Any CPU
	EndGlobalSection
	GlobalSection(SolutionProperties) = preSolution
		HideSolutionNode = FALSE
	EndGlobalSection
	GlobalSection(ExtensibilityGlobals) = postSolution
		SolutionGuid = {FABE5E20-EE79-4F79-8B9C-41F7127969E2}
	EndGlobalSection
EndGlobal
